
Microsoft Visual Studio Solution File, Format Version 12.00
# Visual Studio Version 16
VisualStudioVersion = 16.0.30907.101
MinimumVisualStudioVersion = 10.0.40219.1
Project("{FAE04EC0-301F-11D3-BF4B-00C04F79EFBC}") = "GameDemo", "GameDemo\GameDemo.csproj", "{AA6A1DF5-CB9A-4100-A5EA-39E881D73534}"
EndProject
Global
	GlobalSection(SolutionConfigurationPlatforms) = preSolution
		Debug|Any CPU = Debug|Any CPU
		Release|Any CPU = Release|Any CPU
	EndGlobalSection
	GlobalSection(ProjectConfigurationPlatforms) = postSolution
		{AA6A1DF5-CB9A-4100-A5EA-39E881D73534}.Debug|Any CPU.ActiveCfg = Debug|Any CPU
		{AA6A1DF5-CB9A-4100-A5EA-39E881D73534}.Debug|Any CPU.Build.0 = Debug|Any CPU
		{AA6A1DF5-CB9A-4100-A5EA-39E881D73534}.Release|Any CPU.ActiveCfg = Release|Any CPU
		{AA6A1DF5-CB9A-4100-A5EA-39E881D73534}.Release|Any CPU.Build.0 = Release|Any CPU
	EndGlobalSection
	GlobalSection(SolutionProperties) = preSolution
		HideSolutionNode = FALSE
	EndGlobalSection
	GlobalSection(ExtensibilityGlobals) = postSolution
		SolutionGuid = {22AEB77E-C1B4-462E-B09C-0DB27E6A5D70}
	EndGlobalSection
EndGlobal
